// !$*UTF8*$!
{
	archiveVersion = 1;
	classes = {
	};
	objectVersion = 77;
	objects = {

/* Begin PBXBuildFile section */
		47E44AAF2D375E9B0031002D /* Algorimths in Frameworks */ = {isa = PBXBuildFile; productRef = 47E44AAE2D375E9B0031002D /* Algorimths */; };
/* End PBXBuildFile section */

/* Begin PBXContainerItemProxy section */
		47E44A572D375CA30031002D /* PBXContainerItemProxy */ = {
			isa = PBXContainerItemProxy;
			containerPortal = 47E44A3D2D375CA10031002D /* Project object */;
			proxyType = 1;
			remoteGlobalIDString = 47E44A442D375CA10031002D;
			remoteInfo = AlgorimthsBootCamp;
		};
		47E44A612D375CA30031002D /* PBXContainerItemProxy */ = {
			isa = PBXContainerItemProxy;
			containerPortal = 47E44A3D2D375CA10031002D /* Project object */;
			proxyType = 1;
			remoteGlobalIDString = 47E44A442D375CA10031002D;
			remoteInfo = AlgorimthsBootCamp;
		};
/* End PBXContainerItemProxy section */

/* Begin PBXFileReference section */
		47E44A452D375CA10031002D /* AlgorimthsBootCamp.app */ = {isa = PBXFileReference; explicitFileType = wrapper.application; includeInIndex = 0; path = AlgorimthsBootCamp.app; sourceTree = BUILT_PRODUCTS_DIR; };
		47E44A562D375CA30031002D /* AlgorimthsBootCampTests.xctest */ = {isa = PBXFileReference; explicitFileType = wrapper.cfbundle; includeInIndex = 0; path = AlgorimthsBootCampTests.xctest; sourceTree = BUILT_PRODUCTS_DIR; };
		47E44A602D375CA30031002D /* AlgorimthsBootCampUITests.xctest */ = {isa = PBXFileReference; explicitFileType = wrapper.cfbundle; includeInIndex = 0; path = AlgorimthsBootCampUITests.xctest; sourceTree = BUILT_PRODUCTS_DIR; };
/* End PBXFileReference section */

/* Begin PBXFileSystemSynchronizedRootGroup section */
		47E44A472D375CA10031002D /* AlgorimthsBootCamp */ = {
			isa = PBXFileSystemSynchronizedRootGroup;
			path = AlgorimthsBootCamp;
			sourceTree = "<group>";
		};
		47E44A592D375CA30031002D /* AlgorimthsBootCampTests */ = {
			isa = PBXFileSystemSynchronizedRootGroup;
			path = AlgorimthsBootCampTests;
			sourceTree = "<group>";
		};
		47E44A632D375CA30031002D /* AlgorimthsBootCampUITests */ = {
			isa = PBXFileSystemSynchronizedRootGroup;
			path = AlgorimthsBootCampUITests;
			sourceTree = "<group>";
		};
/* End PBXFileSystemSynchronizedRootGroup section */

/* Begin PBXFrameworksBuildPhase section */
		47E44A422D375CA10031002D /* Frameworks */ = {
			isa = PBXFrameworksBuildPhase;
			buildActionMask = 2147483647;
			files = (
				47E44AAF2D375E9B0031002D /* Algorimths in Frameworks */,
			);
			runOnlyForDeploymentPostprocessing = 0;
		};
		47E44A532D375CA30031002D /* Frameworks */ = {
			isa = PBXFrameworksBuildPhase;
			buildActionMask = 2147483647;
			files = (
			);
			runOnlyForDeploymentPostprocessing = 0;
		};
		47E44A5D2D375CA30031002D /* Frameworks */ = {
			isa = PBXFrameworksBuildPhase;
			buildActionMask = 2147483647;
			files = (
			);
			runOnlyForDeploymentPostprocessing = 0;
		};
/* End PBXFrameworksBuildPhase section */

/* Begin PBXGroup section */
		47E44A3C2D375CA00031002D = {
			isa = PBXGroup;
			children = (
				47E44A472D375CA10031002D /* AlgorimthsBootCamp */,
				47E44A592D375CA30031002D /* AlgorimthsBootCampTests */,
				47E44A632D375CA30031002D /* AlgorimthsBootCampUITests */,
				47E44A462D375CA10031002D /* Products */,
			);
			sourceTree = "<group>";
		};
		47E44A462D375CA10031002D /* Products */ = {
			isa = PBXGroup;
			children = (
				47E44A452D375CA10031002D /* AlgorimthsBootCamp.app */,
				47E44A562D375CA30031002D /* AlgorimthsBootCampTests.xctest */,
				47E44A602D375CA30031002D /* AlgorimthsBootCampUITests.xctest */,
			);
			name = Products;
			sourceTree = "<group>";
		};
/* End PBXGroup section */

/* Begin PBXNativeTarget section */
		47E44A442D375CA10031002D /* AlgorimthsBootCamp */ = {
			isa = PBXNativeTarget;
			buildConfigurationList = 47E44A6A2D375CA30031002D /* Build configuration list for PBXNativeTarget "AlgorimthsBootCamp" */;
			buildPhases = (
				47E44A412D375CA10031002D /* Sources */,
				47E44A422D375CA10031002D /* Frameworks */,
				47E44A432D375CA10031002D /* Resources */,
			);
			buildRules = (
			);
			dependencies = (
			);
			fileSystemSynchronizedGroups = (
				47E44A472D375CA10031002D /* AlgorimthsBootCamp */,
			);
			name = AlgorimthsBootCamp;
			packageProductDependencies = (
				47E44AAE2D375E9B0031002D /* Algorimths */,
			);
			productName = AlgorimthsBootCamp;
			productReference = 47E44A452D375CA10031002D /* AlgorimthsBootCamp.app */;
			productType = "com.apple.product-type.application";
		};
		47E44A552D375CA30031002D /* AlgorimthsBootCampTests */ = {
			isa = PBXNativeTarget;
			buildConfigurationList = 47E44A6D2D375CA30031002D /* Build configuration list for PBXNativeTarget "AlgorimthsBootCampTests" */;
			buildPhases = (
				47E44A522D375CA30031002D /* Sources */,
				47E44A532D375CA30031002D /* Frameworks */,
				47E44A542D375CA30031002D /* Resources */,
			);
			buildRules = (
			);
			dependencies = (
				47E44A582D375CA30031002D /* PBXTargetDependency */,
			);
			fileSystemSynchronizedGroups = (
				47E44A592D375CA30031002D /* AlgorimthsBootCampTests */,
			);
			name = AlgorimthsBootCampTests;
			packageProductDependencies = (
			);
			productName = AlgorimthsBootCampTests;
			productReference = 47E44A562D375CA30031002D /* AlgorimthsBootCampTests.xctest */;
			productType = "com.apple.product-type.bundle.unit-test";
		};
		47E44A5F2D375CA30031002D /* AlgorimthsBootCampUITests */ = {
			isa = PBXNativeTarget;
			buildConfigurationList = 47E44A702D375CA30031002D /* Build configuration list for PBXNativeTarget "AlgorimthsBootCampUITests" */;
			buildPhases = (
				47E44A5C2D375CA30031002D /* Sources */,
				47E44A5D2D375CA30031002D /* Frameworks */,
				47E44A5E2D375CA30031002D /* Resources */,
			);
			buildRules = (
			);
			dependencies = (
				47E44A622D375CA30031002D /* PBXTargetDependency */,
			);
			fileSystemSynchronizedGroups = (
				47E44A632D375CA30031002D /* AlgorimthsBootCampUITests */,
			);
			name = AlgorimthsBootCampUITests;
			packageProductDependencies = (
			);
			productName = AlgorimthsBootCampUITests;
			productReference = 47E44A602D375CA30031002D /* AlgorimthsBootCampUITests.xctest */;
			productType = "com.apple.product-type.bundle.ui-testing";
		};
/* End PBXNativeTarget section */

/* Begin PBXProject section */
		47E44A3D2D375CA10031002D /* Project object */ = {
			isa = PBXProject;
			attributes = {
				BuildIndependentTargetsInParallel = 1;
				LastSwiftUpdateCheck = 1620;
				LastUpgradeCheck = 1620;
				TargetAttributes = {
					47E44A442D375CA10031002D = {
						CreatedOnToolsVersion = 16.2;
					};
					47E44A552D375CA30031002D = {
						CreatedOnToolsVersion = 16.2;
						TestTargetID = 47E44A442D375CA10031002D;
					};
					47E44A5F2D375CA30031002D = {
						CreatedOnToolsVersion = 16.2;
						TestTargetID = 47E44A442D375CA10031002D;
					};
				};
			};
			buildConfigurationList = 47E44A402D375CA10031002D /* Build configuration list for PBXProject "AlgorimthsBootCamp" */;
			developmentRegion = en;
			hasScannedForEncodings = 0;
			knownRegions = (
				en,
				Base,
			);
			mainGroup = 47E44A3C2D375CA00031002D;
			minimizedProjectReferenceProxies = 1;
			packageReferences = (
				47E44AAD2D375E9B0031002D /* XCLocalSwiftPackageReference "../Algorimths" */,
			);
			preferredProjectObjectVersion = 77;
			productRefGroup = 47E44A462D375CA10031002D /* Products */;
			projectDirPath = "";
			projectRoot = "";
			targets = (
				47E44A442D375CA10031002D /* AlgorimthsBootCamp */,
				47E44A552D375CA30031002D /* AlgorimthsBootCampTests */,
				47E44A5F2D375CA30031002D /* AlgorimthsBootCampUITests */,
			);
		};
/* End PBXProject section */

/* Begin PBXResourcesBuildPhase section */
		47E44A432D375CA10031002D /* Resources */ = {
			isa = PBXResourcesBuildPhase;
			buildActionMask = 2147483647;
			files = (
			);
			runOnlyForDeploymentPostprocessing = 0;
		};
		47E44A542D375CA30031002D /* Resources */ = {
			isa = PBXResourcesBuildPhase;
			buildActionMask = 2147483647;
			files = (
			);
			runOnlyForDeploymentPostprocessing = 0;
		};
		47E44A5E2D375CA30031002D /* Resources */ = {
			isa = PBXResourcesBuildPhase;
			buildActionMask = 2147483647;
			files = (
			);
			runOnlyForDeploymentPostprocessing = 0;
		};
/* End PBXResourcesBuildPhase section */

/* Begin PBXSourcesBuildPhase section */
		47E44A412D375CA10031002D /* Sources */ = {
			isa = PBXSourcesBuildPhase;
			buildActionMask = 2147483647;
			files = (
			);
			runOnlyForDeploymentPostprocessing = 0;
		};
		47E44A522D375CA30031002D /* Sources */ = {
			isa = PBXSourcesBuildPhase;
			buildActionMask = 2147483647;
			files = (
			);
			runOnlyForDeploymentPostprocessing = 0;
		};
		47E44A5C2D375CA30031002D /* Sources */ = {
			isa = PBXSourcesBuildPhase;
			buildActionMask = 2147483647;
			files = (
			);
			runOnlyForDeploymentPostprocessing = 0;
		};
/* End PBXSourcesBuildPhase section */

/* Begin PBXTargetDependency section */
		47E44A582D375CA30031002D /* PBXTargetDependency */ = {
			isa = PBXTargetDependency;
			target = 47E44A442D375CA10031002D /* AlgorimthsBootCamp */;
			targetProxy = 47E44A572D375CA30031002D /* PBXContainerItemProxy */;
		};
		47E44A622D375CA30031002D /* PBXTargetDependency */ = {
			isa = PBXTargetDependency;
			target = 47E44A442D375CA10031002D /* AlgorimthsBootCamp */;
			targetProxy = 47E44A612D375CA30031002D /* PBXContainerItemProxy */;
		};
/* End PBXTargetDependency section */

/* Begin XCBuildConfiguration section */
		47E44A682D375CA30031002D /* Debug */ = {
			isa = XCBuildConfiguration;
			buildSettings = {
				ALWAYS_SEARCH_USER_PATHS = NO;
				ASSETCATALOG_COMPILER_GENERATE_SWIFT_ASSET_SYMBOL_EXTENSIONS = YES;
				CLANG_ANALYZER_NONNULL = YES;
				CLANG_ANALYZER_NUMBER_OBJECT_CONVERSION = YES_AGGRESSIVE;
				CLANG_CXX_LANGUAGE_STANDARD = "gnu++20";
				CLANG_ENABLE_MODULES = YES;
				CLANG_ENABLE_OBJC_ARC = YES;
				CLANG_ENABLE_OBJC_WEAK = YES;
				CLANG_WARN_BLOCK_CAPTURE_AUTORELEASING = YES;
				CLANG_WARN_BOOL_CONVERSION = YES;
				CLANG_WARN_COMMA = YES;
				CLANG_WARN_CONSTANT_CONVERSION = YES;
				CLANG_WARN_DEPRECATED_OBJC_IMPLEMENTATIONS = YES;
				CLANG_WARN_DIRECT_OBJC_ISA_USAGE = YES_ERROR;
				CLANG_WARN_DOCUMENTATION_COMMENTS = YES;
				CLANG_WARN_EMPTY_BODY = YES;
				CLANG_WARN_ENUM_CONVERSION = YES;
				CLANG_WARN_INFINITE_RECURSION = YES;
				CLANG_WARN_INT_CONVERSION = YES;
				CLANG_WARN_NON_LITERAL_NULL_CONVERSION = YES;
				CLANG_WARN_OBJC_IMPLICIT_RETAIN_SELF = YES;
				CLANG_WARN_OBJC_LITERAL_CONVERSION = YES;
				CLANG_WARN_OBJC_ROOT_CLASS = YES_ERROR;
				CLANG_WARN_QUOTED_INCLUDE_IN_FRAMEWORK_HEADER = YES;
				CLANG_WARN_RANGE_LOOP_ANALYSIS = YES;
				CLANG_WARN_STRICT_PROTOTYPES = YES;
				CLANG_WARN_SUSPICIOUS_MOVE = YES;
				CLANG_WARN_UNGUARDED_AVAILABILITY = YES_AGGRESSIVE;
				CLANG_WARN_UNREACHABLE_CODE = YES;
				CLANG_WARN__DUPLICATE_METHOD_MATCH = YES;
				COPY_PHASE_STRIP = NO;
				DEBUG_INFORMATION_FORMAT = dwarf;
				ENABLE_STRICT_OBJC_MSGSEND = YES;
				ENABLE_TESTABILITY = YES;
				ENABLE_USER_SCRIPT_SANDBOXING = YES;
				GCC_C_LANGUAGE_STANDARD = gnu17;
				GCC_DYNAMIC_NO_PIC = NO;
				GCC_NO_COMMON_BLOCKS = YES;
				GCC_OPTIMIZATION_LEVEL = 0;
				GCC_PREPROCESSOR_DEFINITIONS = (
					"DEBUG=1",
					"$(inherited)",
				);
				GCC_WARN_64_TO_32_BIT_CONVERSION = YES;
				GCC_WARN_ABOUT_RETURN_TYPE = YES_ERROR;
				GCC_WARN_UNDECLARED_SELECTOR = YES;
				GCC_WARN_UNINITIALIZED_AUTOS = YES_AGGRESSIVE;
				GCC_WARN_UNUSED_FUNCTION = YES;
				GCC_WARN_UNUSED_VARIABLE = YES;
				LOCALIZATION_PREFERS_STRING_CATALOGS = YES;
				MTL_ENABLE_DEBUG_INFO = INCLUDE_SOURCE;
				MTL_FAST_MATH = YES;
				ONLY_ACTIVE_ARCH = YES;
				SWIFT_ACTIVE_COMPILATION_CONDITIONS = "DEBUG $(inherited)";
				SWIFT_OPTIMIZATION_LEVEL = "-Onone";
			};
			name = Debug;
		};
		47E44A692D375CA30031002D /* Release */ = {
			isa = XCBuildConfiguration;
			buildSettings = {
				ALWAYS_SEARCH_USER_PATHS = NO;
				ASSETCATALOG_COMPILER_GENERATE_SWIFT_ASSET_SYMBOL_EXTENSIONS = YES;
				CLANG_ANALYZER_NONNULL = YES;
				CLANG_ANALYZER_NUMBER_OBJECT_CONVERSION = YES_AGGRESSIVE;
				CLANG_CXX_LANGUAGE_STANDARD = "gnu++20";
				CLANG_ENABLE_MODULES = YES;
				CLANG_ENABLE_OBJC_ARC = YES;
				CLANG_ENABLE_OBJC_WEAK = YES;
				CLANG_WARN_BLOCK_CAPTURE_AUTORELEASING = YES;
				CLANG_WARN_BOOL_CONVERSION = YES;
				CLANG_WARN_COMMA = YES;
				CLANG_WARN_CONSTANT_CONVERSION = YES;
				CLANG_WARN_DEPRECATED_OBJC_IMPLEMENTATIONS = YES;
				CLANG_WARN_DIRECT_OBJC_ISA_USAGE = YES_ERROR;
				CLANG_WARN_DOCUMENTATION_COMMENTS = YES;
				CLANG_WARN_EMPTY_BODY = YES;
				CLANG_WARN_ENUM_CONVERSION = YES;
				CLANG_WARN_INFINITE_RECURSION = YES;
				CLANG_WARN_INT_CONVERSION = YES;
				CLANG_WARN_NON_LITERAL_NULL_CONVERSION = YES;
				CLANG_WARN_OBJC_IMPLICIT_RETAIN_SELF = YES;
				CLANG_WARN_OBJC_LITERAL_CONVERSION = YES;
				CLANG_WARN_OBJC_ROOT_CLASS = YES_ERROR;
				CLANG_WARN_QUOTED_INCLUDE_IN_FRAMEWORK_HEADER = YES;
				CLANG_WARN_RANGE_LOOP_ANALYSIS = YES;
				CLANG_WARN_STRICT_PROTOTYPES = YES;
				CLANG_WARN_SUSPICIOUS_MOVE = YES;
				CLANG_WARN_UNGUARDED_AVAILABILITY = YES_AGGRESSIVE;
				CLANG_WARN_UNREACHABLE_CODE = YES;
				CLANG_WARN__DUPLICATE_METHOD_MATCH = YES;
				COPY_PHASE_STRIP = NO;
				DEBUG_INFORMATION_FORMAT = "dwarf-with-dsym";
				ENABLE_NS_ASSERTIONS = NO;
				ENABLE_STRICT_OBJC_MSGSEND = YES;
				ENABLE_USER_SCRIPT_SANDBOXING = YES;
				GCC_C_LANGUAGE_STANDARD = gnu17;
				GCC_NO_COMMON_BLOCKS = YES;
				GCC_WARN_64_TO_32_BIT_CONVERSION = YES;
				GCC_WARN_ABOUT_RETURN_TYPE = YES_ERROR;
				GCC_WARN_UNDECLARED_SELECTOR = YES;
				GCC_WARN_UNINITIALIZED_AUTOS = YES_AGGRESSIVE;
				GCC_WARN_UNUSED_FUNCTION = YES;
				GCC_WARN_UNUSED_VARIABLE = YES;
				LOCALIZATION_PREFERS_STRING_CATALOGS = YES;
				MTL_ENABLE_DEBUG_INFO = NO;
				MTL_FAST_MATH = YES;
				SWIFT_COMPILATION_MODE = wholemodule;
			};
			name = Release;
		};
		47E44A6B2D375CA30031002D /* Debug */ = {
			isa = XCBuildConfiguration;
			buildSettings = {
				ASSETCATALOG_COMPILER_APPICON_NAME = AppIcon;
				ASSETCATALOG_COMPILER_GLOBAL_ACCENT_COLOR_NAME = AccentColor;
				CODE_SIGN_ENTITLEMENTS = AlgorimthsBootCamp/AlgorimthsBootCamp.entitlements;
				CODE_SIGN_STYLE = Automatic;
				CURRENT_PROJECT_VERSION = 1;
				DEVELOPMENT_ASSET_PATHS = "\"AlgorimthsBootCamp/Resources/Preview Content\"";
				DEVELOPMENT_TEAM = H4872635VT;
				ENABLE_HARDENED_RUNTIME = YES;
				ENABLE_PREVIEWS = YES;
				GENERATE_INFOPLIST_FILE = YES;
				"INFOPLIST_KEY_UIApplicationSceneManifest_Generation[sdk=iphoneos*]" = YES;
				"INFOPLIST_KEY_UIApplicationSceneManifest_Generation[sdk=iphonesimulator*]" = YES;
				"INFOPLIST_KEY_UIApplicationSupportsIndirectInputEvents[sdk=iphoneos*]" = YES;
				"INFOPLIST_KEY_UIApplicationSupportsIndirectInputEvents[sdk=iphonesimulator*]" = YES;
				"INFOPLIST_KEY_UILaunchScreen_Generation[sdk=iphoneos*]" = YES;
				"INFOPLIST_KEY_UILaunchScreen_Generation[sdk=iphonesimulator*]" = YES;
				"INFOPLIST_KEY_UIStatusBarStyle[sdk=iphoneos*]" = UIStatusBarStyleDefault;
				"INFOPLIST_KEY_UIStatusBarStyle[sdk=iphonesimulator*]" = UIStatusBarStyleDefault;
				INFOPLIST_KEY_UISupportedInterfaceOrientations_iPad = "UIInterfaceOrientationPortrait UIInterfaceOrientationPortraitUpsideDown UIInterfaceOrientationLandscapeLeft UIInterfaceOrientationLandscapeRight";
				INFOPLIST_KEY_UISupportedInterfaceOrientations_iPhone = "UIInterfaceOrientationPortrait UIInterfaceOrientationLandscapeLeft UIInterfaceOrientationLandscapeRight";
				IPHONEOS_DEPLOYMENT_TARGET = 18.2;
				LD_RUNPATH_SEARCH_PATHS = "@executable_path/Frameworks";
				"LD_RUNPATH_SEARCH_PATHS[sdk=macosx*]" = "@executable_path/../Frameworks";
				MACOSX_DEPLOYMENT_TARGET = 15.1;
				MARKETING_VERSION = 1.0;
				PRODUCT_BUNDLE_IDENTIFIER = com.nhatle.bootcamp.AlgorimthsBootCamp;
				PRODUCT_NAME = "$(TARGET_NAME)";
				SDKROOT = auto;
				SUPPORTED_PLATFORMS = "iphoneos iphonesimulator macosx xros xrsimulator";
				SWIFT_EMIT_LOC_STRINGS = YES;
				SWIFT_VERSION = 5.0;
				TARGETED_DEVICE_FAMILY = "1,2,7";
				XROS_DEPLOYMENT_TARGET = 2.2;
			};
			name = Debug;
		};
		47E44A6C2D375CA30031002D /* Release */ = {
			isa = XCBuildConfiguration;
			buildSettings = {
				ASSETCATALOG_COMPILER_APPICON_NAME = AppIcon;
				ASSETCATALOG_COMPILER_GLOBAL_ACCENT_COLOR_NAME = AccentColor;
				CODE_SIGN_ENTITLEMENTS = AlgorimthsBootCamp/AlgorimthsBootCamp.entitlements;
				CODE_SIGN_STYLE = Automatic;
				CURRENT_PROJECT_VERSION = 1;
				DEVELOPMENT_ASSET_PATHS = "\"AlgorimthsBootCamp/Resources/Preview Content\"";
				DEVELOPMENT_TEAM = H4872635VT;
				ENABLE_HARDENED_RUNTIME = YES;
				ENABLE_PREVIEWS = YES;
				GENERATE_INFOPLIST_FILE = YES;
				"INFOPLIST_KEY_UIApplicationSceneManifest_Generation[sdk=iphoneos*]" = YES;
				"INFOPLIST_KEY_UIApplicationSceneManifest_Generation[sdk=iphonesimulator*]" = YES;
				"INFOPLIST_KEY_UIApplicationSupportsIndirectInputEvents[sdk=iphoneos*]" = YES;
				"INFOPLIST_KEY_UIApplicationSupportsIndirectInputEvents[sdk=iphonesimulator*]" = YES;
				"INFOPLIST_KEY_UILaunchScreen_Generation[sdk=iphoneos*]" = YES;
				"INFOPLIST_KEY_UILaunchScreen_Generation[sdk=iphonesimulator*]" = YES;
				"INFOPLIST_KEY_UIStatusBarStyle[sdk=iphoneos*]" = UIStatusBarStyleDefault;
				"INFOPLIST_KEY_UIStatusBarStyle[sdk=iphonesimulator*]" = UIStatusBarStyleDefault;
				INFOPLIST_KEY_UISupportedInterfaceOrientations_iPad = "UIInterfaceOrientationPortrait UIInterfaceOrientationPortraitUpsideDown UIInterfaceOrientationLandscapeLeft UIInterfaceOrientationLandscapeRight";
				INFOPLIST_KEY_UISupportedInterfaceOrientations_iPhone = "UIInterfaceOrientationPortrait UIInterfaceOrientationLandscapeLeft UIInterfaceOrientationLandscapeRight";
				IPHONEOS_DEPLOYMENT_TARGET = 18.2;
				LD_RUNPATH_SEARCH_PATHS = "@executable_path/Frameworks";
				"LD_RUNPATH_SEARCH_PATHS[sdk=macosx*]" = "@executable_path/../Frameworks";
				MACOSX_DEPLOYMENT_TARGET = 15.1;
				MARKETING_VERSION = 1.0;
				PRODUCT_BUNDLE_IDENTIFIER = com.nhatle.bootcamp.AlgorimthsBootCamp;
				PRODUCT_NAME = "$(TARGET_NAME)";
				SDKROOT = auto;
				SUPPORTED_PLATFORMS = "iphoneos iphonesimulator macosx xros xrsimulator";
				SWIFT_EMIT_LOC_STRINGS = YES;
				SWIFT_VERSION = 5.0;
				TARGETED_DEVICE_FAMILY = "1,2,7";
				XROS_DEPLOYMENT_TARGET = 2.2;
			};
			name = Release;
		};
		47E44A6E2D375CA30031002D /* Debug */ = {
			isa = XCBuildConfiguration;
			buildSettings = {
				BUNDLE_LOADER = "$(TEST_HOST)";
				CODE_SIGN_STYLE = Automatic;
				CURRENT_PROJECT_VERSION = 1;
				DEVELOPMENT_TEAM = H4872635VT;
				GENERATE_INFOPLIST_FILE = YES;
				IPHONEOS_DEPLOYMENT_TARGET = 18.2;
				MACOSX_DEPLOYMENT_TARGET = 15.1;
				MARKETING_VERSION = 1.0;
				PRODUCT_BUNDLE_IDENTIFIER = com.nhatle.bootcamp.AlgorimthsBootCampTests;
				PRODUCT_NAME = "$(TARGET_NAME)";
				SDKROOT = auto;
				SUPPORTED_PLATFORMS = "iphoneos iphonesimulator macosx xros xrsimulator";
				SWIFT_EMIT_LOC_STRINGS = NO;
				SWIFT_VERSION = 5.0;
				TARGETED_DEVICE_FAMILY = "1,2,7";
				TEST_HOST = "$(BUILT_PRODUCTS_DIR)/AlgorimthsBootCamp.app/$(BUNDLE_EXECUTABLE_FOLDER_PATH)/AlgorimthsBootCamp";
				XROS_DEPLOYMENT_TARGET = 2.2;
			};
			name = Debug;
		};
		47E44A6F2D375CA30031002D /* Release */ = {
			isa = XCBuildConfiguration;
			buildSettings = {
				BUNDLE_LOADER = "$(TEST_HOST)";
				CODE_SIGN_STYLE = Automatic;
				CURRENT_PROJECT_VERSION = 1;
				DEVELOPMENT_TEAM = H4872635VT;
				GENERATE_INFOPLIST_FILE = YES;
				IPHONEOS_DEPLOYMENT_TARGET = 18.2;
				MACOSX_DEPLOYMENT_TARGET = 15.1;
				MARKETING_VERSION = 1.0;
				PRODUCT_BUNDLE_IDENTIFIER = com.nhatle.bootcamp.AlgorimthsBootCampTests;
				PRODUCT_NAME = "$(TARGET_NAME)";
				SDKROOT = auto;
				SUPPORTED_PLATFORMS = "iphoneos iphonesimulator macosx xros xrsimulator";
				SWIFT_EMIT_LOC_STRINGS = NO;
				SWIFT_VERSION = 5.0;
				TARGETED_DEVICE_FAMILY = "1,2,7";
				TEST_HOST = "$(BUILT_PRODUCTS_DIR)/AlgorimthsBootCamp.app/$(BUNDLE_EXECUTABLE_FOLDER_PATH)/AlgorimthsBootCamp";
				XROS_DEPLOYMENT_TARGET = 2.2;
			};
			name = Release;
		};
		47E44A712D375CA30031002D /* Debug */ = {
			isa = XCBuildConfiguration;
			buildSettings = {
				CODE_SIGN_STYLE = Automatic;
				CURRENT_PROJECT_VERSION = 1;
				DEVELOPMENT_TEAM = H4872635VT;
				GENERATE_INFOPLIST_FILE = YES;
				IPHONEOS_DEPLOYMENT_TARGET = 18.2;
				MACOSX_DEPLOYMENT_TARGET = 15.1;
				MARKETING_VERSION = 1.0;
				PRODUCT_BUNDLE_IDENTIFIER = com.nhatle.bootcamp.AlgorimthsBootCampUITests;
				PRODUCT_NAME = "$(TARGET_NAME)";
				SDKROOT = auto;
				SUPPORTED_PLATFORMS = "iphoneos iphonesimulator macosx xros xrsimulator";
				SWIFT_EMIT_LOC_STRINGS = NO;
				SWIFT_VERSION = 5.0;
				TARGETED_DEVICE_FAMILY = "1,2,7";
				TEST_TARGET_NAME = AlgorimthsBootCamp;
				XROS_DEPLOYMENT_TARGET = 2.2;
			};
			name = Debug;
		};
		47E44A722D375CA30031002D /* Release */ = {
			isa = XCBuildConfiguration;
			buildSettings = {
				CODE_SIGN_STYLE = Automatic;
				CURRENT_PROJECT_VERSION = 1;
				DEVELOPMENT_TEAM = H4872635VT;
				GENERATE_INFOPLIST_FILE = YES;
				IPHONEOS_DEPLOYMENT_TARGET = 18.2;
				MACOSX_DEPLOYMENT_TARGET = 15.1;
				MARKETING_VERSION = 1.0;
				PRODUCT_BUNDLE_IDENTIFIER = com.nhatle.bootcamp.AlgorimthsBootCampUITests;
				PRODUCT_NAME = "$(TARGET_NAME)";
				SDKROOT = auto;
				SUPPORTED_PLATFORMS = "iphoneos iphonesimulator macosx xros xrsimulator";
				SWIFT_EMIT_LOC_STRINGS = NO;
				SWIFT_VERSION = 5.0;
				TARGETED_DEVICE_FAMILY = "1,2,7";
				TEST_TARGET_NAME = AlgorimthsBootCamp;
				XROS_DEPLOYMENT_TARGET = 2.2;
			};
			name = Release;
		};
/* End XCBuildConfiguration section */

/* Begin XCConfigurationList section */
		47E44A402D375CA10031002D /* Build configuration list for PBXProject "AlgorimthsBootCamp" */ = {
			isa = XCConfigurationList;
			buildConfigurations = (
				47E44A682D375CA30031002D /* Debug */,
				47E44A692D375CA30031002D /* Release */,
			);
			defaultConfigurationIsVisible = 0;
			defaultConfigurationName = Release;
		};
		47E44A6A2D375CA30031002D /* Build configuration list for PBXNativeTarget "AlgorimthsBootCamp" */ = {
			isa = XCConfigurationList;
			buildConfigurations = (
				47E44A6B2D375CA30031002D /* Debug */,
				47E44A6C2D375CA30031002D /* Release */,
			);
			defaultConfigurationIsVisible = 0;
			defaultConfigurationName = Release;
		};
		47E44A6D2D375CA30031002D /* Build configuration list for PBXNativeTarget "AlgorimthsBootCampTests" */ = {
			isa = XCConfigurationList;
			buildConfigurations = (
				47E44A6E2D375CA30031002D /* Debug */,
				47E44A6F2D375CA30031002D /* Release */,
			);
			defaultConfigurationIsVisible = 0;
			defaultConfigurationName = Release;
		};
		47E44A702D375CA30031002D /* Build configuration list for PBXNativeTarget "AlgorimthsBootCampUITests" */ = {
			isa = XCConfigurationList;
			buildConfigurations = (
				47E44A712D375CA30031002D /* Debug */,
				47E44A722D375CA30031002D /* Release */,
			);
			defaultConfigurationIsVisible = 0;
			defaultConfigurationName = Release;
		};
/* End XCConfigurationList section */

/* Begin XCLocalSwiftPackageReference section */
		47E44AAD2D375E9B0031002D /* XCLocalSwiftPackageReference "../Algorimths" */ = {
			isa = XCLocalSwiftPackageReference;
			relativePath = ../Algorimths;
		};
/* End XCLocalSwiftPackageReference section */

/* Begin XCSwiftPackageProductDependency section */
		47E44AAE2D375E9B0031002D /* Algorimths */ = {
			isa = XCSwiftPackageProductDependency;
			productName = Algorimths;
		};
/* End XCSwiftPackageProductDependency section */
	};
	rootObject = 47E44A3D2D375CA10031002D /* Project object */;
}
